
Microsoft Visual Studio Solution File, Format Version 12.00
# Visual Studio Version 17
VisualStudioVersion = 17.5.002.0
MinimumVisualStudioVersion = 10.0.40219.1
Project("{2150E333-8FDC-42A3-9474-1A3956D46DE8}") = "csharp-prep", "csharp-prep", "{5E5D8388-F275-4770-926E-B4F938C30597}"
EndProject
Project("{9A19103F-16F7-4668-BE54-9A1E7A4F7556}") = "Prep1", "csharp-prep\Prep1\Prep1.csproj", "{38F2D672-833B-43EE-9EE4-91D54E210342}"
EndProject
Project("{9A19103F-16F7-4668-BE54-9A1E7A4F7556}") = "Prep2", "csharp-prep\Prep2\Prep2.csproj", "{CF79596A-6D75-4CC2-A6B6-58BAFCF48D4F}"
EndProject
Project("{9A19103F-16F7-4668-BE54-9A1E7A4F7556}") = "Prep3", "csharp-prep\Prep3\Prep3.csproj", "{07F6855A-9311-4FCE-A570-7638C7120615}"
EndProject
Project("{9A19103F-16F7-4668-BE54-9A1E7A4F7556}") = "Prep4", "csharp-prep\Prep4\Prep4.csproj", "{FCEDECC8-7B3A-4F76-9968-E72CEF1E2CF8}"
EndProject
Project("{9A19103F-16F7-4668-BE54-9A1E7A4F7556}") = "Prep5", "csharp-prep\Prep5\Prep5.csproj", "{50B29E4B-08CD-4AC1-874B-5CF7CE6694BE}"
EndProject
Project("{2150E333-8FDC-42A3-9474-1A3956D46DE8}") = "final", "final", "{14D16453-1AF1-47E8-AE0E-E2FA2068CDC9}"
EndProject
Project("{9A19103F-16F7-4668-BE54-9A1E7A4F7556}") = "FinalProject", "final\FinalProject\FinalProject.csproj", "{B06919B9-AB48-424F-8EEA-1185F74CB2F0}"
EndProject
Project("{9A19103F-16F7-4668-BE54-9A1E7A4F7556}") = "Foundation1", "final\Foundation1\Foundation1.csproj", "{A63B0230-70C1-457E-A84E-BEFE825725B8}"
EndProject
Project("{9A19103F-16F7-4668-BE54-9A1E7A4F7556}") = "Foundation2", "final\Foundation2\Foundation2.csproj", "{DB45B4EC-F80D-42F5-BB0B-54A4F19006B7}"
EndProject
Project("{9A19103F-16F7-4668-BE54-9A1E7A4F7556}") = "Foundation3", "final\Foundation3\Foundation3.csproj", "{F1B0B023-0862-41A0-8FD1-53455C7F3B37}"
EndProject
Project("{9A19103F-16F7-4668-BE54-9A1E7A4F7556}") = "Foundation4", "final\Foundation4\Foundation4.csproj", "{629E29B3-78AD-4032-B998-74D8BF1B68C9}"
EndProject
Project("{2150E333-8FDC-42A3-9474-1A3956D46DE8}") = "prepare", "prepare", "{19807DBC-5CC0-41EC-83F6-60250BEF5803}"
EndProject
Project("{9A19103F-16F7-4668-BE54-9A1E7A4F7556}") = "Learning02", "prepare\Learning02\Learning02.csproj", "{613DA5A6-D7A4-4307-8F19-A3D8442C3D1E}"
EndProject
Project("{9A19103F-16F7-4668-BE54-9A1E7A4F7556}") = "Learning03", "prepare\Learning03\Learning03.csproj", "{96F78A99-FBE0-4B97-A967-4A8F434B1FF8}"
EndProject
Project("{9A19103F-16F7-4668-BE54-9A1E7A4F7556}") = "Learning04", "prepare\Learning04\Learning04.csproj", "{91DFD284-A3A2-4C1D-89AE-763849B87AC6}"
EndProject
Project("{9A19103F-16F7-4668-BE54-9A1E7A4F7556}") = "Learning05", "prepare\Learning05\Learning05.csproj", "{2BECF0C1-AFF8-47E0-993D-DE96F87271DB}"
EndProject
Project("{2150E333-8FDC-42A3-9474-1A3956D46DE8}") = "prove", "prove", "{9CC7579F-E034-42D3-B92D-289A244BFA51}"
EndProject
Project("{9A19103F-16F7-4668-BE54-9A1E7A4F7556}") = "Develop02", "prove\Develop02\Develop02.csproj", "{0C153ED0-4CF3-42CB-A80F-DC5FBD9667D3}"
EndProject
Project("{9A19103F-16F7-4668-BE54-9A1E7A4F7556}") = "Develop03", "prove\Develop03\Develop03.csproj", "{489228EC-87E9-40E8-AA7F-8F10A37C459F}"
EndProject
Project("{9A19103F-16F7-4668-BE54-9A1E7A4F7556}") = "Develop04", "prove\Develop04\Develop04.csproj", "{1444C7D1-88FB-473A-AC19-7230A9549711}"
EndProject
Project("{9A19103F-16F7-4668-BE54-9A1E7A4F7556}") = "Develop05", "prove\Develop05\Develop05.csproj", "{4D0FDECB-279F-406D-9858-96948BED6536}"
EndProject
Project("{2150E333-8FDC-42A3-9474-1A3956D46DE8}") = "sandbox", "sandbox", "{400AA258-B5EF-49CF-86E3-DFF54534C880}"
EndProject
Project("{9A19103F-16F7-4668-BE54-9A1E7A4F7556}") = "Sandbox", "sandbox\Sandbox\Sandbox.csproj", "{9FF685B4-B15F-4FD0-AB2F-235198FC9636}"
EndProject
Global
	GlobalSection(SolutionConfigurationPlatforms) = preSolution
		Debug|Any CPU = Debug|Any CPU
		Release|Any CPU = Release|Any CPU
	EndGlobalSection
	GlobalSection(ProjectConfigurationPlatforms) = postSolution
		{38F2D672-833B-43EE-9EE4-91D54E210342}.Debug|Any CPU.ActiveCfg = Debug|Any CPU
		{38F2D672-833B-43EE-9EE4-91D54E210342}.Debug|Any CPU.Build.0 = Debug|Any CPU
		{38F2D672-833B-43EE-9EE4-91D54E210342}.Release|Any CPU.ActiveCfg = Release|Any CPU
		{38F2D672-833B-43EE-9EE4-91D54E210342}.Release|Any CPU.Build.0 = Release|Any CPU
		{CF79596A-6D75-4CC2-A6B6-58BAFCF48D4F}.Debug|Any CPU.ActiveCfg = Debug|Any CPU
		{CF79596A-6D75-4CC2-A6B6-58BAFCF48D4F}.Debug|Any CPU.Build.0 = Debug|Any CPU
		{CF79596A-6D75-4CC2-A6B6-58BAFCF48D4F}.Release|Any CPU.ActiveCfg = Release|Any CPU
		{CF79596A-6D75-4CC2-A6B6-58BAFCF48D4F}.Release|Any CPU.Build.0 = Release|Any CPU
		{07F6855A-9311-4FCE-A570-7638C7120615}.Debug|Any CPU.ActiveCfg = Debug|Any CPU
		{07F6855A-9311-4FCE-A570-7638C7120615}.Debug|Any CPU.Build.0 = Debug|Any CPU
		{07F6855A-9311-4FCE-A570-7638C7120615}.Release|Any CPU.ActiveCfg = Release|Any CPU
		{07F6855A-9311-4FCE-A570-7638C7120615}.Release|Any CPU.Build.0 = Release|Any CPU
		{FCEDECC8-7B3A-4F76-9968-E72CEF1E2CF8}.Debug|Any CPU.ActiveCfg = Debug|Any CPU
		{FCEDECC8-7B3A-4F76-9968-E72CEF1E2CF8}.Debug|Any CPU.Build.0 = Debug|Any CPU
		{FCEDECC8-7B3A-4F76-9968-E72CEF1E2CF8}.Release|Any CPU.ActiveCfg = Release|Any CPU
		{FCEDECC8-7B3A-4F76-9968-E72CEF1E2CF8}.Release|Any CPU.Build.0 = Release|Any CPU
		{50B29E4B-08CD-4AC1-874B-5CF7CE6694BE}.Debug|Any CPU.ActiveCfg = Debug|Any CPU
		{50B29E4B-08CD-4AC1-874B-5CF7CE6694BE}.Debug|Any CPU.Build.0 = Debug|Any CPU
		{50B29E4B-08CD-4AC1-874B-5CF7CE6694BE}.Release|Any CPU.ActiveCfg = Release|Any CPU
		{50B29E4B-08CD-4AC1-874B-5CF7CE6694BE}.Release|Any CPU.Build.0 = Release|Any CPU
		{B06919B9-AB48-424F-8EEA-1185F74CB2F0}.Debug|Any CPU.ActiveCfg = Debug|Any CPU
		{B06919B9-AB48-424F-8EEA-1185F74CB2F0}.Debug|Any CPU.Build.0 = Debug|Any CPU
		{B06919B9-AB48-424F-8EEA-1185F74CB2F0}.Release|Any CPU.ActiveCfg = Release|Any CPU
		{B06919B9-AB48-424F-8EEA-1185F74CB2F0}.Release|Any CPU.Build.0 = Release|Any CPU
		{A63B0230-70C1-457E-A84E-BEFE825725B8}.Debug|Any CPU.ActiveCfg = Debug|Any CPU
		{A63B0230-70C1-457E-A84E-BEFE825725B8}.Debug|Any CPU.Build.0 = Debug|Any CPU
		{A63B0230-70C1-457E-A84E-BEFE825725B8}.Release|Any CPU.ActiveCfg = Release|Any CPU
		{A63B0230-70C1-457E-A84E-BEFE825725B8}.Release|Any CPU.Build.0 = Release|Any CPU
		{DB45B4EC-F80D-42F5-BB0B-54A4F19006B7}.Debug|Any CPU.ActiveCfg = Debug|Any CPU
		{DB45B4EC-F80D-42F5-BB0B-54A4F19006B7}.Debug|Any CPU.Build.0 = Debug|Any CPU
		{DB45B4EC-F80D-42F5-BB0B-54A4F19006B7}.Release|Any CPU.ActiveCfg = Release|Any CPU
		{DB45B4EC-F80D-42F5-BB0B-54A4F19006B7}.Release|Any CPU.Build.0 = Release|Any CPU
		{F1B0B023-0862-41A0-8FD1-53455C7F3B37}.Debug|Any CPU.ActiveCfg = Debug|Any CPU
		{F1B0B023-0862-41A0-8FD1-53455C7F3B37}.Debug|Any CPU.Build.0 = Debug|Any CPU
		{F1B0B023-0862-41A0-8FD1-53455C7F3B37}.Release|Any CPU.ActiveCfg = Release|Any CPU
		{F1B0B023-0862-41A0-8FD1-53455C7F3B37}.Release|Any CPU.Build.0 = Release|Any CPU
		{629E29B3-78AD-4032-B998-74D8BF1B68C9}.Debug|Any CPU.ActiveCfg = Debug|Any CPU
		{629E29B3-78AD-4032-B998-74D8BF1B68C9}.Debug|Any CPU.Build.0 = Debug|Any CPU
		{629E29B3-78AD-4032-B998-74D8BF1B68C9}.Release|Any CPU.ActiveCfg = Release|Any CPU
		{629E29B3-78AD-4032-B998-74D8BF1B68C9}.Release|Any CPU.Build.0 = Release|Any CPU
		{613DA5A6-D7A4-4307-8F19-A3D8442C3D1E}.Debug|Any CPU.ActiveCfg = Debug|Any CPU
		{613DA5A6-D7A4-4307-8F19-A3D8442C3D1E}.Debug|Any CPU.Build.0 = Debug|Any CPU
		{613DA5A6-D7A4-4307-8F19-A3D8442C3D1E}.Release|Any CPU.ActiveCfg = Release|Any CPU
		{613DA5A6-D7A4-4307-8F19-A3D8442C3D1E}.Release|Any CPU.Build.0 = Release|Any CPU
		{96F78A99-FBE0-4B97-A967-4A8F434B1FF8}.Debug|Any CPU.ActiveCfg = Debug|Any CPU
		{96F78A99-FBE0-4B97-A967-4A8F434B1FF8}.Debug|Any CPU.Build.0 = Debug|Any CPU
		{96F78A99-FBE0-4B97-A967-4A8F434B1FF8}.Release|Any CPU.ActiveCfg = Release|Any CPU
		{96F78A99-FBE0-4B97-A967-4A8F434B1FF8}.Release|Any CPU.Build.0 = Release|Any CPU
		{91DFD284-A3A2-4C1D-89AE-763849B87AC6}.Debug|Any CPU.ActiveCfg = Debug|Any CPU
		{91DFD284-A3A2-4C1D-89AE-763849B87AC6}.Debug|Any CPU.Build.0 = Debug|Any CPU
		{91DFD284-A3A2-4C1D-89AE-763849B87AC6}.Release|Any CPU.ActiveCfg = Release|Any CPU
		{91DFD284-A3A2-4C1D-89AE-763849B87AC6}.Release|Any CPU.Build.0 = Release|Any CPU
		{2BECF0C1-AFF8-47E0-993D-DE96F87271DB}.Debug|Any CPU.ActiveCfg = Debug|Any CPU
		{2BECF0C1-AFF8-47E0-993D-DE96F87271DB}.Debug|Any CPU.Build.0 = Debug|Any CPU
		{2BECF0C1-AFF8-47E0-993D-DE96F87271DB}.Release|Any CPU.ActiveCfg = Release|Any CPU
		{2BECF0C1-AFF8-47E0-993D-DE96F87271DB}.Release|Any CPU.Build.0 = Release|Any CPU
		{0C153ED0-4CF3-42CB-A80F-DC5FBD9667D3}.Debug|Any CPU.ActiveCfg = Debug|Any CPU
		{0C153ED0-4CF3-42CB-A80F-DC5FBD9667D3}.Debug|Any CPU.Build.0 = Debug|Any CPU
		{0C153ED0-4CF3-42CB-A80F-DC5FBD9667D3}.Release|Any CPU.ActiveCfg = Release|Any CPU
		{0C153ED0-4CF3-42CB-A80F-DC5FBD9667D3}.Release|Any CPU.Build.0 = Release|Any CPU
		{489228EC-87E9-40E8-AA7F-8F10A37C459F}.Debug|Any CPU.ActiveCfg = Debug|Any CPU
		{489228EC-87E9-40E8-AA7F-8F10A37C459F}.Debug|Any CPU.Build.0 = Debug|Any CPU
		{489228EC-87E9-40E8-AA7F-8F10A37C459F}.Release|Any CPU.ActiveCfg = Release|Any CPU
		{489228EC-87E9-40E8-AA7F-8F10A37C459F}.Release|Any CPU.Build.0 = Release|Any CPU
		{1444C7D1-88FB-473A-AC19-7230A9549711}.Debug|Any CPU.ActiveCfg = Debug|Any CPU
		{1444C7D1-88FB-473A-AC19-7230A9549711}.Debug|Any CPU.Build.0 = Debug|Any CPU
		{1444C7D1-88FB-473A-AC19-7230A9549711}.Release|Any CPU.ActiveCfg = Release|Any CPU
		{1444C7D1-88FB-473A-AC19-7230A9549711}.Release|Any CPU.Build.0 = Release|Any CPU
		{4D0FDECB-279F-406D-9858-96948BED6536}.Debug|Any CPU.ActiveCfg = Debug|Any CPU
		{4D0FDECB-279F-406D-9858-96948BED6536}.Debug|Any CPU.Build.0 = Debug|Any CPU
		{4D0FDECB-279F-406D-9858-96948BED6536}.Release|Any CPU.ActiveCfg = Release|Any CPU
		{4D0FDECB-279F-406D-9858-96948BED6536}.Release|Any CPU.Build.0 = Release|Any CPU
		{9FF685B4-B15F-4FD0-AB2F-235198FC9636}.Debug|Any CPU.ActiveCfg = Debug|Any CPU
		{9FF685B4-B15F-4FD0-AB2F-235198FC9636}.Debug|Any CPU.Build.0 = Debug|Any CPU
		{9FF685B4-B15F-4FD0-AB2F-235198FC9636}.Release|Any CPU.ActiveCfg = Release|Any CPU
		{9FF685B4-B15F-4FD0-AB2F-235198FC9636}.Release|Any CPU.Build.0 = Release|Any CPU
	EndGlobalSection
	GlobalSection(SolutionProperties) = preSolution
		HideSolutionNode = FALSE
	EndGlobalSection
	GlobalSection(NestedProjects) = preSolution
		{38F2D672-833B-43EE-9EE4-91D54E210342} = {5E5D8388-F275-4770-926E-B4F938C30597}
		{CF79596A-6D75-4CC2-A6B6-58BAFCF48D4F} = {5E5D8388-F275-4770-926E-B4F938C30597}
		{07F6855A-9311-4FCE-A570-7638C7120615} = {5E5D8388-F275-4770-926E-B4F938C30597}
		{FCEDECC8-7B3A-4F76-9968-E72CEF1E2CF8} = {5E5D8388-F275-4770-926E-B4F938C30597}
		{50B29E4B-08CD-4AC1-874B-5CF7CE6694BE} = {5E5D8388-F275-4770-926E-B4F938C30597}
		{B06919B9-AB48-424F-8EEA-1185F74CB2F0} = {14D16453-1AF1-47E8-AE0E-E2FA2068CDC9}
		{A63B0230-70C1-457E-A84E-BEFE825725B8} = {14D16453-1AF1-47E8-AE0E-E2FA2068CDC9}
		{DB45B4EC-F80D-42F5-BB0B-54A4F19006B7} = {14D16453-1AF1-47E8-AE0E-E2FA2068CDC9}
		{F1B0B023-0862-41A0-8FD1-53455C7F3B37} = {14D16453-1AF1-47E8-AE0E-E2FA2068CDC9}
		{629E29B3-78AD-4032-B998-74D8BF1B68C9} = {14D16453-1AF1-47E8-AE0E-E2FA2068CDC9}
		{613DA5A6-D7A4-4307-8F19-A3D8442C3D1E} = {19807DBC-5CC0-41EC-83F6-60250BEF5803}
		{96F78A99-FBE0-4B97-A967-4A8F434B1FF8} = {19807DBC-5CC0-41EC-83F6-60250BEF5803}
		{91DFD284-A3A2-4C1D-89AE-763849B87AC6} = {19807DBC-5CC0-41EC-83F6-60250BEF5803}
		{2BECF0C1-AFF8-47E0-993D-DE96F87271DB} = {19807DBC-5CC0-41EC-83F6-60250BEF5803}
		{0C153ED0-4CF3-42CB-A80F-DC5FBD9667D3} = {9CC7579F-E034-42D3-B92D-289A244BFA51}
		{489228EC-87E9-40E8-AA7F-8F10A37C459F} = {9CC7579F-E034-42D3-B92D-289A244BFA51}
		{1444C7D1-88FB-473A-AC19-7230A9549711} = {9CC7579F-E034-42D3-B92D-289A244BFA51}
		{4D0FDECB-279F-406D-9858-96948BED6536} = {9CC7579F-E034-42D3-B92D-289A244BFA51}
		{9FF685B4-B15F-4FD0-AB2F-235198FC9636} = {400AA258-B5EF-49CF-86E3-DFF54534C880}
	EndGlobalSection
	GlobalSection(ExtensibilityGlobals) = postSolution
		SolutionGuid = {8C2D1398-F5BE-4AEE-AA62-3B046F24F549}
	EndGlobalSection
EndGlobal
