
Microsoft Visual Studio Solution File, Format Version 12.00
# Visual Studio Version 17
VisualStudioVersion = 17.5.002.0
MinimumVisualStudioVersion = 10.0.40219.1
Project("{2150E333-8FDC-42A3-9474-1A3956D46DE8}") = "csharp-prep", "csharp-prep", "{8792F4FE-A907-4A0A-89CA-FF4F36912FDE}"
EndProject
Project("{9A19103F-16F7-4668-BE54-9A1E7A4F7556}") = "Prep1", "csharp-prep\Prep1\Prep1.csproj", "{3AFE8AA3-59BE-4641-AEAF-BD1E946C3378}"
EndProject
Project("{9A19103F-16F7-4668-BE54-9A1E7A4F7556}") = "Prep2", "csharp-prep\Prep2\Prep2.csproj", "{5E50616A-CA15-4A67-98B3-E8F3574E272B}"
EndProject
Project("{9A19103F-16F7-4668-BE54-9A1E7A4F7556}") = "Prep3", "csharp-prep\Prep3\Prep3.csproj", "{88BDDBA8-980E-4D39-AFDD-64DF54AD6154}"
EndProject
Project("{9A19103F-16F7-4668-BE54-9A1E7A4F7556}") = "Prep4", "csharp-prep\Prep4\Prep4.csproj", "{97F47EBD-A136-4B64-98AF-B0B0CF05A511}"
EndProject
Project("{9A19103F-16F7-4668-BE54-9A1E7A4F7556}") = "Prep5", "csharp-prep\Prep5\Prep5.csproj", "{690052C7-C8E7-4AAA-B5EE-C900DF3A5A2A}"
EndProject
Project("{2150E333-8FDC-42A3-9474-1A3956D46DE8}") = "final", "final", "{E01BF0C8-0B76-47EC-B851-4DBE296FF5C7}"
EndProject
Project("{9A19103F-16F7-4668-BE54-9A1E7A4F7556}") = "FinalProject", "final\FinalProject\FinalProject.csproj", "{4BB9138B-B5F7-45A0-9099-8C70E9B19A70}"
EndProject
Project("{9A19103F-16F7-4668-BE54-9A1E7A4F7556}") = "Foundation1", "final\Foundation1\Foundation1.csproj", "{8533C2FA-9FA6-48C9-9411-B5040BD99D1F}"
EndProject
Project("{9A19103F-16F7-4668-BE54-9A1E7A4F7556}") = "Foundation2", "final\Foundation2\Foundation2.csproj", "{C55CB3BD-9884-4F53-8772-CD62D7C545FB}"
EndProject
Project("{9A19103F-16F7-4668-BE54-9A1E7A4F7556}") = "Foundation3", "final\Foundation3\Foundation3.csproj", "{4DD5CDDA-0AF9-4548-A985-86FFF8677D20}"
EndProject
Project("{9A19103F-16F7-4668-BE54-9A1E7A4F7556}") = "Foundation4", "final\Foundation4\Foundation4.csproj", "{5F1B72F6-7C11-48FB-BCD7-3BD212A72D20}"
EndProject
Project("{2150E333-8FDC-42A3-9474-1A3956D46DE8}") = "prepare", "prepare", "{5DF027A9-7240-4400-8DA4-CC2C81947AE9}"
EndProject
Project("{9A19103F-16F7-4668-BE54-9A1E7A4F7556}") = "Learning02", "prepare\Learning02\Learning02.csproj", "{951161D0-5A5A-44E4-ADE3-584AB3FC0D4A}"
EndProject
Project("{9A19103F-16F7-4668-BE54-9A1E7A4F7556}") = "Learning03", "prepare\Learning03\Learning03.csproj", "{F0818937-D752-4218-9B5A-7B8ABDAC8948}"
EndProject
Project("{9A19103F-16F7-4668-BE54-9A1E7A4F7556}") = "Learning04", "prepare\Learning04\Learning04.csproj", "{88F2BB6A-6CD4-4C98-98E3-D184CA1DE719}"
EndProject
Project("{9A19103F-16F7-4668-BE54-9A1E7A4F7556}") = "Learning05", "prepare\Learning05\Learning05.csproj", "{7727BB1D-9BC3-4E03-A708-93D5CD7CC29B}"
EndProject
Project("{2150E333-8FDC-42A3-9474-1A3956D46DE8}") = "prove", "prove", "{C47D97A8-59A8-4514-85B4-0CDFA14F4C93}"
EndProject
Project("{9A19103F-16F7-4668-BE54-9A1E7A4F7556}") = "Develop02", "prove\Develop02\Develop02.csproj", "{E7CAF564-4823-4488-8893-8B9F650E1C59}"
EndProject
Project("{9A19103F-16F7-4668-BE54-9A1E7A4F7556}") = "Develop03", "prove\Develop03\Develop03.csproj", "{D3542E93-7E38-4065-9F8C-08DA34D1512C}"
EndProject
Project("{9A19103F-16F7-4668-BE54-9A1E7A4F7556}") = "Develop04", "prove\Develop04\Develop04.csproj", "{A52B1B55-5610-492F-8B6B-A4CDABD74184}"
EndProject
Project("{9A19103F-16F7-4668-BE54-9A1E7A4F7556}") = "Develop05", "prove\Develop05\Develop05.csproj", "{87CAE906-F423-4A64-BF48-8E9F18561469}"
EndProject
Project("{2150E333-8FDC-42A3-9474-1A3956D46DE8}") = "sandbox", "sandbox", "{4A987EC7-5345-4308-847D-998B7189A19C}"
EndProject
Project("{9A19103F-16F7-4668-BE54-9A1E7A4F7556}") = "Sandbox", "sandbox\Sandbox\Sandbox.csproj", "{C1F81E9C-4F5D-4222-B37E-6F66E06CB4BD}"
EndProject
Global
	GlobalSection(SolutionConfigurationPlatforms) = preSolution
		Debug|Any CPU = Debug|Any CPU
		Release|Any CPU = Release|Any CPU
	EndGlobalSection
	GlobalSection(ProjectConfigurationPlatforms) = postSolution
		{3AFE8AA3-59BE-4641-AEAF-BD1E946C3378}.Debug|Any CPU.ActiveCfg = Debug|Any CPU
		{3AFE8AA3-59BE-4641-AEAF-BD1E946C3378}.Debug|Any CPU.Build.0 = Debug|Any CPU
		{3AFE8AA3-59BE-4641-AEAF-BD1E946C3378}.Release|Any CPU.ActiveCfg = Release|Any CPU
		{3AFE8AA3-59BE-4641-AEAF-BD1E946C3378}.Release|Any CPU.Build.0 = Release|Any CPU
		{5E50616A-CA15-4A67-98B3-E8F3574E272B}.Debug|Any CPU.ActiveCfg = Debug|Any CPU
		{5E50616A-CA15-4A67-98B3-E8F3574E272B}.Debug|Any CPU.Build.0 = Debug|Any CPU
		{5E50616A-CA15-4A67-98B3-E8F3574E272B}.Release|Any CPU.ActiveCfg = Release|Any CPU
		{5E50616A-CA15-4A67-98B3-E8F3574E272B}.Release|Any CPU.Build.0 = Release|Any CPU
		{88BDDBA8-980E-4D39-AFDD-64DF54AD6154}.Debug|Any CPU.ActiveCfg = Debug|Any CPU
		{88BDDBA8-980E-4D39-AFDD-64DF54AD6154}.Debug|Any CPU.Build.0 = Debug|Any CPU
		{88BDDBA8-980E-4D39-AFDD-64DF54AD6154}.Release|Any CPU.ActiveCfg = Release|Any CPU
		{88BDDBA8-980E-4D39-AFDD-64DF54AD6154}.Release|Any CPU.Build.0 = Release|Any CPU
		{97F47EBD-A136-4B64-98AF-B0B0CF05A511}.Debug|Any CPU.ActiveCfg = Debug|Any CPU
		{97F47EBD-A136-4B64-98AF-B0B0CF05A511}.Debug|Any CPU.Build.0 = Debug|Any CPU
		{97F47EBD-A136-4B64-98AF-B0B0CF05A511}.Release|Any CPU.ActiveCfg = Release|Any CPU
		{97F47EBD-A136-4B64-98AF-B0B0CF05A511}.Release|Any CPU.Build.0 = Release|Any CPU
		{690052C7-C8E7-4AAA-B5EE-C900DF3A5A2A}.Debug|Any CPU.ActiveCfg = Debug|Any CPU
		{690052C7-C8E7-4AAA-B5EE-C900DF3A5A2A}.Debug|Any CPU.Build.0 = Debug|Any CPU
		{690052C7-C8E7-4AAA-B5EE-C900DF3A5A2A}.Release|Any CPU.ActiveCfg = Release|Any CPU
		{690052C7-C8E7-4AAA-B5EE-C900DF3A5A2A}.Release|Any CPU.Build.0 = Release|Any CPU
		{4BB9138B-B5F7-45A0-9099-8C70E9B19A70}.Debug|Any CPU.ActiveCfg = Debug|Any CPU
		{4BB9138B-B5F7-45A0-9099-8C70E9B19A70}.Debug|Any CPU.Build.0 = Debug|Any CPU
		{4BB9138B-B5F7-45A0-9099-8C70E9B19A70}.Release|Any CPU.ActiveCfg = Release|Any CPU
		{4BB9138B-B5F7-45A0-9099-8C70E9B19A70}.Release|Any CPU.Build.0 = Release|Any CPU
		{8533C2FA-9FA6-48C9-9411-B5040BD99D1F}.Debug|Any CPU.ActiveCfg = Debug|Any CPU
		{8533C2FA-9FA6-48C9-9411-B5040BD99D1F}.Debug|Any CPU.Build.0 = Debug|Any CPU
		{8533C2FA-9FA6-48C9-9411-B5040BD99D1F}.Release|Any CPU.ActiveCfg = Release|Any CPU
		{8533C2FA-9FA6-48C9-9411-B5040BD99D1F}.Release|Any CPU.Build.0 = Release|Any CPU
		{C55CB3BD-9884-4F53-8772-CD62D7C545FB}.Debug|Any CPU.ActiveCfg = Debug|Any CPU
		{C55CB3BD-9884-4F53-8772-CD62D7C545FB}.Debug|Any CPU.Build.0 = Debug|Any CPU
		{C55CB3BD-9884-4F53-8772-CD62D7C545FB}.Release|Any CPU.ActiveCfg = Release|Any CPU
		{C55CB3BD-9884-4F53-8772-CD62D7C545FB}.Release|Any CPU.Build.0 = Release|Any CPU
		{4DD5CDDA-0AF9-4548-A985-86FFF8677D20}.Debug|Any CPU.ActiveCfg = Debug|Any CPU
		{4DD5CDDA-0AF9-4548-A985-86FFF8677D20}.Debug|Any CPU.Build.0 = Debug|Any CPU
		{4DD5CDDA-0AF9-4548-A985-86FFF8677D20}.Release|Any CPU.ActiveCfg = Release|Any CPU
		{4DD5CDDA-0AF9-4548-A985-86FFF8677D20}.Release|Any CPU.Build.0 = Release|Any CPU
		{5F1B72F6-7C11-48FB-BCD7-3BD212A72D20}.Debug|Any CPU.ActiveCfg = Debug|Any CPU
		{5F1B72F6-7C11-48FB-BCD7-3BD212A72D20}.Debug|Any CPU.Build.0 = Debug|Any CPU
		{5F1B72F6-7C11-48FB-BCD7-3BD212A72D20}.Release|Any CPU.ActiveCfg = Release|Any CPU
		{5F1B72F6-7C11-48FB-BCD7-3BD212A72D20}.Release|Any CPU.Build.0 = Release|Any CPU
		{951161D0-5A5A-44E4-ADE3-584AB3FC0D4A}.Debug|Any CPU.ActiveCfg = Debug|Any CPU
		{951161D0-5A5A-44E4-ADE3-584AB3FC0D4A}.Debug|Any CPU.Build.0 = Debug|Any CPU
		{951161D0-5A5A-44E4-ADE3-584AB3FC0D4A}.Release|Any CPU.ActiveCfg = Release|Any CPU
		{951161D0-5A5A-44E4-ADE3-584AB3FC0D4A}.Release|Any CPU.Build.0 = Release|Any CPU
		{F0818937-D752-4218-9B5A-7B8ABDAC8948}.Debug|Any CPU.ActiveCfg = Debug|Any CPU
		{F0818937-D752-4218-9B5A-7B8ABDAC8948}.Debug|Any CPU.Build.0 = Debug|Any CPU
		{F0818937-D752-4218-9B5A-7B8ABDAC8948}.Release|Any CPU.ActiveCfg = Release|Any CPU
		{F0818937-D752-4218-9B5A-7B8ABDAC8948}.Release|Any CPU.Build.0 = Release|Any CPU
		{88F2BB6A-6CD4-4C98-98E3-D184CA1DE719}.Debug|Any CPU.ActiveCfg = Debug|Any CPU
		{88F2BB6A-6CD4-4C98-98E3-D184CA1DE719}.Debug|Any CPU.Build.0 = Debug|Any CPU
		{88F2BB6A-6CD4-4C98-98E3-D184CA1DE719}.Release|Any CPU.ActiveCfg = Release|Any CPU
		{88F2BB6A-6CD4-4C98-98E3-D184CA1DE719}.Release|Any CPU.Build.0 = Release|Any CPU
		{7727BB1D-9BC3-4E03-A708-93D5CD7CC29B}.Debug|Any CPU.ActiveCfg = Debug|Any CPU
		{7727BB1D-9BC3-4E03-A708-93D5CD7CC29B}.Debug|Any CPU.Build.0 = Debug|Any CPU
		{7727BB1D-9BC3-4E03-A708-93D5CD7CC29B}.Release|Any CPU.ActiveCfg = Release|Any CPU
		{7727BB1D-9BC3-4E03-A708-93D5CD7CC29B}.Release|Any CPU.Build.0 = Release|Any CPU
		{E7CAF564-4823-4488-8893-8B9F650E1C59}.Debug|Any CPU.ActiveCfg = Debug|Any CPU
		{E7CAF564-4823-4488-8893-8B9F650E1C59}.Debug|Any CPU.Build.0 = Debug|Any CPU
		{E7CAF564-4823-4488-8893-8B9F650E1C59}.Release|Any CPU.ActiveCfg = Release|Any CPU
		{E7CAF564-4823-4488-8893-8B9F650E1C59}.Release|Any CPU.Build.0 = Release|Any CPU
		{D3542E93-7E38-4065-9F8C-08DA34D1512C}.Debug|Any CPU.ActiveCfg = Debug|Any CPU
		{D3542E93-7E38-4065-9F8C-08DA34D1512C}.Debug|Any CPU.Build.0 = Debug|Any CPU
		{D3542E93-7E38-4065-9F8C-08DA34D1512C}.Release|Any CPU.ActiveCfg = Release|Any CPU
		{D3542E93-7E38-4065-9F8C-08DA34D1512C}.Release|Any CPU.Build.0 = Release|Any CPU
		{A52B1B55-5610-492F-8B6B-A4CDABD74184}.Debug|Any CPU.ActiveCfg = Debug|Any CPU
		{A52B1B55-5610-492F-8B6B-A4CDABD74184}.Debug|Any CPU.Build.0 = Debug|Any CPU
		{A52B1B55-5610-492F-8B6B-A4CDABD74184}.Release|Any CPU.ActiveCfg = Release|Any CPU
		{A52B1B55-5610-492F-8B6B-A4CDABD74184}.Release|Any CPU.Build.0 = Release|Any CPU
		{87CAE906-F423-4A64-BF48-8E9F18561469}.Debug|Any CPU.ActiveCfg = Debug|Any CPU
		{87CAE906-F423-4A64-BF48-8E9F18561469}.Debug|Any CPU.Build.0 = Debug|Any CPU
		{87CAE906-F423-4A64-BF48-8E9F18561469}.Release|Any CPU.ActiveCfg = Release|Any CPU
		{87CAE906-F423-4A64-BF48-8E9F18561469}.Release|Any CPU.Build.0 = Release|Any CPU
		{C1F81E9C-4F5D-4222-B37E-6F66E06CB4BD}.Debug|Any CPU.ActiveCfg = Debug|Any CPU
		{C1F81E9C-4F5D-4222-B37E-6F66E06CB4BD}.Debug|Any CPU.Build.0 = Debug|Any CPU
		{C1F81E9C-4F5D-4222-B37E-6F66E06CB4BD}.Release|Any CPU.ActiveCfg = Release|Any CPU
		{C1F81E9C-4F5D-4222-B37E-6F66E06CB4BD}.Release|Any CPU.Build.0 = Release|Any CPU
	EndGlobalSection
	GlobalSection(SolutionProperties) = preSolution
		HideSolutionNode = FALSE
	EndGlobalSection
	GlobalSection(NestedProjects) = preSolution
		{3AFE8AA3-59BE-4641-AEAF-BD1E946C3378} = {8792F4FE-A907-4A0A-89CA-FF4F36912FDE}
		{5E50616A-CA15-4A67-98B3-E8F3574E272B} = {8792F4FE-A907-4A0A-89CA-FF4F36912FDE}
		{88BDDBA8-980E-4D39-AFDD-64DF54AD6154} = {8792F4FE-A907-4A0A-89CA-FF4F36912FDE}
		{97F47EBD-A136-4B64-98AF-B0B0CF05A511} = {8792F4FE-A907-4A0A-89CA-FF4F36912FDE}
		{690052C7-C8E7-4AAA-B5EE-C900DF3A5A2A} = {8792F4FE-A907-4A0A-89CA-FF4F36912FDE}
		{4BB9138B-B5F7-45A0-9099-8C70E9B19A70} = {E01BF0C8-0B76-47EC-B851-4DBE296FF5C7}
		{8533C2FA-9FA6-48C9-9411-B5040BD99D1F} = {E01BF0C8-0B76-47EC-B851-4DBE296FF5C7}
		{C55CB3BD-9884-4F53-8772-CD62D7C545FB} = {E01BF0C8-0B76-47EC-B851-4DBE296FF5C7}
		{4DD5CDDA-0AF9-4548-A985-86FFF8677D20} = {E01BF0C8-0B76-47EC-B851-4DBE296FF5C7}
		{5F1B72F6-7C11-48FB-BCD7-3BD212A72D20} = {E01BF0C8-0B76-47EC-B851-4DBE296FF5C7}
		{951161D0-5A5A-44E4-ADE3-584AB3FC0D4A} = {5DF027A9-7240-4400-8DA4-CC2C81947AE9}
		{F0818937-D752-4218-9B5A-7B8ABDAC8948} = {5DF027A9-7240-4400-8DA4-CC2C81947AE9}
		{88F2BB6A-6CD4-4C98-98E3-D184CA1DE719} = {5DF027A9-7240-4400-8DA4-CC2C81947AE9}
		{7727BB1D-9BC3-4E03-A708-93D5CD7CC29B} = {5DF027A9-7240-4400-8DA4-CC2C81947AE9}
		{E7CAF564-4823-4488-8893-8B9F650E1C59} = {C47D97A8-59A8-4514-85B4-0CDFA14F4C93}
		{D3542E93-7E38-4065-9F8C-08DA34D1512C} = {C47D97A8-59A8-4514-85B4-0CDFA14F4C93}
		{A52B1B55-5610-492F-8B6B-A4CDABD74184} = {C47D97A8-59A8-4514-85B4-0CDFA14F4C93}
		{87CAE906-F423-4A64-BF48-8E9F18561469} = {C47D97A8-59A8-4514-85B4-0CDFA14F4C93}
		{C1F81E9C-4F5D-4222-B37E-6F66E06CB4BD} = {4A987EC7-5345-4308-847D-998B7189A19C}
	EndGlobalSection
	GlobalSection(ExtensibilityGlobals) = postSolution
		SolutionGuid = {EA0DFF03-1E68-4419-A236-CDF324CC5CF9}
	EndGlobalSection
EndGlobal
